NeoBundleLock ctrlp.vim 7c972cb19c8544c681ca345c64ec39e04f4651cc
NeoBundleLock neobundle.vim 1306c131ff0a6cc094b7ff0727350e442b5427f1
NeoBundleLock neosnippet-snippets 725c989f18e9c134cddd63a7c6b15bed5c244657
NeoBundleLock neosnippet.vim efb2a615df2e6df9364087686dacca223fcfa16a
NeoBundleLock vim-colorschemes fd8f122cef604330c96a6a6e434682dbdfb878c9
NeoBundleLock vim-fugitive 854a8df0d06b8d3fcb30fa7f2b08c62b553eee3b
NeoBundleLock vim-nerdtree-syntax-highlight 35e70334a2ff6e89b82a145d1ac889e82d1ddb4e
NeoBundleLock vimshell 3787e52766812d8b99a93ccdda57517bc2a0bab6
